Microsoft Visual Studio Solution File, Format Version 12.00
# Visual Studio Version 17
VisualStudioVersion = 17.5.2.0
MinimumVisualStudioVersion = 10.0.40219.1
Project("{2150E333-8FDC-42A3-9474-1A3956D46DE8}") = "mod-inputviz", "mod-inputviz", "{A80F727A-9FDF-46DD-8320-F482D314D28E}"
EndProject
Project("{2150E333-8FDC-42A3-9474-1A3956D46DE8}") = "mod", "mod", "{4721CDBE-9835-733F-D50B-18F505229922}"
EndProject
Project("{2150E333-8FDC-42A3-9474-1A3956D46DE8}") = "mod-freeplay", "mod-freeplay", "{D0A42781-22C8-1DB3-DE8D-BD44214679D8}"
EndProject
Project("{2150E333-8FDC-42A3-9474-1A3956D46DE8}") = "mod-dashplus", "mod-dashplus", "{6584C079-4D82-C063-4270-971606AE084E}"
EndProject
Project("{FAE04EC0-301F-11D3-BF4B-00C04F79EFBC}") = "InputViz", "mod-inputviz\InputViz.csproj", "{29B19E1D-8AE0-F798-B58D-452552C882F8}"
EndProject
Project("{FAE04EC0-301F-11D3-BF4B-00C04F79EFBC}") = "IGTAPMod", "mod\IGTAPMod.csproj", "{A016D818-E562-99A0-F740-53F40263FD1C}"
EndProject
Project("{FAE04EC0-301F-11D3-BF4B-00C04F79EFBC}") = "Freeplay", "mod-freeplay\Freeplay.csproj", "{302B0A1B-E14C-7C7E-69D0-4B33AD921B2E}"
EndProject
Project("{FAE04EC0-301F-11D3-BF4B-00C04F79EFBC}") = "DashPlus", "mod-dashplus\DashPlus.csproj", "{A4B03FAB-3E64-FBA6-82F6-D2AF2125FCDE}"
EndProject
Project("{2150E333-8FDC-42A3-9474-1A3956D46DE8}") = "mod-fixedtimestep", "mod-fixedtimestep", "{5BED68D4-490E-443B-99C8-785A5B6FEC80}"
EndProject
Project("{FAE04EC0-301F-11D3-BF4B-00C04F79EFBC}") = "FixedTimestep", "mod-fixedtimestep\FixedTimestep.csproj", "{8F879DFC-B029-4C5C-9D64-BB4ED3C5EB82}"
EndProject
Global
	GlobalSection(SolutionConfigurationPlatforms) = preSolution
		Debug|Any CPU = Debug|Any CPU
		Release|Any CPU = Release|Any CPU
	EndGlobalSection
	GlobalSection(ProjectConfigurationPlatforms) = postSolution
		{29B19E1D-8AE0-F798-B58D-452552C882F8}.Debug|Any CPU.ActiveCfg = Debug|Any CPU
		{29B19E1D-8AE0-F798-B58D-452552C882F8}.Debug|Any CPU.Build.0 = Debug|Any CPU
		{29B19E1D-8AE0-F798-B58D-452552C882F8}.Release|Any CPU.ActiveCfg = Release|Any CPU
		{29B19E1D-8AE0-F798-B58D-452552C882F8}.Release|Any CPU.Build.0 = Release|Any CPU
		{A016D818-E562-99A0-F740-53F40263FD1C}.Debug|Any CPU.ActiveCfg = Debug|Any CPU
		{A016D818-E562-99A0-F740-53F40263FD1C}.Debug|Any CPU.Build.0 = Debug|Any CPU
		{A016D818-E562-99A0-F740-53F40263FD1C}.Release|Any CPU.ActiveCfg = Release|Any CPU
		{A016D818-E562-99A0-F740-53F40263FD1C}.Release|Any CPU.Build.0 = Release|Any CPU
		{302B0A1B-E14C-7C7E-69D0-4B33AD921B2E}.Debug|Any CPU.ActiveCfg = Debug|Any CPU
		{302B0A1B-E14C-7C7E-69D0-4B33AD921B2E}.Debug|Any CPU.Build.0 = Debug|Any CPU
		{302B0A1B-E14C-7C7E-69D0-4B33AD921B2E}.Release|Any CPU.ActiveCfg = Release|Any CPU
		{302B0A1B-E14C-7C7E-69D0-4B33AD921B2E}.Release|Any CPU.Build.0 = Release|Any CPU
		{A4B03FAB-3E64-FBA6-82F6-D2AF2125FCDE}.Debug|Any CPU.ActiveCfg = Debug|Any CPU
		{A4B03FAB-3E64-FBA6-82F6-D2AF2125FCDE}.Debug|Any CPU.Build.0 = Debug|Any CPU
		{A4B03FAB-3E64-FBA6-82F6-D2AF2125FCDE}.Release|Any CPU.ActiveCfg = Release|Any CPU
		{A4B03FAB-3E64-FBA6-82F6-D2AF2125FCDE}.Release|Any CPU.Build.0 = Release|Any CPU
		{8F879DFC-B029-4C5C-9D64-BB4ED3C5EB82}.Debug|Any CPU.ActiveCfg = Debug|Any CPU
		{8F879DFC-B029-4C5C-9D64-BB4ED3C5EB82}.Debug|Any CPU.Build.0 = Debug|Any CPU
		{8F879DFC-B029-4C5C-9D64-BB4ED3C5EB82}.Release|Any CPU.ActiveCfg = Release|Any CPU
		{8F879DFC-B029-4C5C-9D64-BB4ED3C5EB82}.Release|Any CPU.Build.0 = Release|Any CPU
	EndGlobalSection
	GlobalSection(SolutionProperties) = preSolution
		HideSolutionNode = FALSE
	EndGlobalSection
	GlobalSection(NestedProjects) = preSolution
		{29B19E1D-8AE0-F798-B58D-452552C882F8} = {A80F727A-9FDF-46DD-8320-F482D314D28E}
		{A016D818-E562-99A0-F740-53F40263FD1C} = {4721CDBE-9835-733F-D50B-18F505229922}
		{302B0A1B-E14C-7C7E-69D0-4B33AD921B2E} = {D0A42781-22C8-1DB3-DE8D-BD44214679D8}
		{A4B03FAB-3E64-FBA6-82F6-D2AF2125FCDE} = {6584C079-4D82-C063-4270-971606AE084E}
		{8F879DFC-B029-4C5C-9D64-BB4ED3C5EB82} = {5BED68D4-490E-443B-99C8-785A5B6FEC80}
	EndGlobalSection
	GlobalSection(ExtensibilityGlobals) = postSolution
		SolutionGuid = {989F3B2C-0D03-40DC-9B66-47B713427555}
	EndGlobalSection
EndGlobal
